
Microsoft Visual Studio Solution File, Format Version 12.00
# Visual Studio Version 16
VisualStudioVersion = 16.0.30204.135
MinimumVisualStudioVersion = 10.0.40219.1
Project("{9A19103F-16F7-4668-BE54-9A1E7A4F7556}") = "ExporterWeb", "ExporterWeb\ExporterWeb.csproj", "{9A14D10B-19C5-4297-BC38-69AEC5939A7E}"
EndProject
Project("{FAE04EC0-301F-11D3-BF4B-00C04F79EFBC}") = "ExporterWeb.Test", "ExporterWeb.Test\ExporterWeb.Test.csproj", "{97315756-2664-4A07-9C87-425D8F5A0CE6}"
EndProject
Global
	GlobalSection(SolutionConfigurationPlatforms) = preSolution
		Debug|Any CPU = Debug|Any CPU
		Release|Any CPU = Release|Any CPU
	EndGlobalSection
	GlobalSection(ProjectConfigurationPlatforms) = postSolution
		{9A14D10B-19C5-4297-BC38-69AEC5939A7E}.Debug|Any CPU.ActiveCfg = Debug|Any CPU
		{9A14D10B-19C5-4297-BC38-69AEC5939A7E}.Debug|Any CPU.Build.0 = Debug|Any CPU
		{9A14D10B-19C5-4297-BC38-69AEC5939A7E}.Release|Any CPU.ActiveCfg = Release|Any CPU
		{9A14D10B-19C5-4297-BC38-69AEC5939A7E}.Release|Any CPU.Build.0 = Release|Any CPU
		{97315756-2664-4A07-9C87-425D8F5A0CE6}.Debug|Any CPU.ActiveCfg = Debug|Any CPU
		{97315756-2664-4A07-9C87-425D8F5A0CE6}.Debug|Any CPU.Build.0 = Debug|Any CPU
		{97315756-2664-4A07-9C87-425D8F5A0CE6}.Release|Any CPU.ActiveCfg = Release|Any CPU
		{97315756-2664-4A07-9C87-425D8F5A0CE6}.Release|Any CPU.Build.0 = Release|Any CPU
	EndGlobalSection
	GlobalSection(SolutionProperties) = preSolution
		HideSolutionNode = FALSE
	EndGlobalSection
	GlobalSection(ExtensibilityGlobals) = postSolution
		SolutionGuid = {6AB2202A-9EF8-4014-BF02-9E0ECB377C86}
	EndGlobalSection
EndGlobal
